
Microsoft Visual Studio Solution File, Format Version 12.00
# Visual Studio Version 17
VisualStudioVersion = 17.2.32602.215
MinimumVisualStudioVersion = 10.0.40219.1
Project("{9A19103F-16F7-4668-BE54-9A1E7A4F7556}") = "EF.Workshop", "EF.Workshop.csproj", "{0560CD6A-89EF-4F56-A246-2A506127F96E}"
EndProject
Project("{E53339B2-1760-4266-BCC7-CA923CBCF16C}") = "docker-compose", "docker-compose.dcproj", "{A57A9A63-9351-4205-BA94-72340B01E1B6}"
EndProject
Project("{9A19103F-16F7-4668-BE54-9A1E7A4F7556}") = "EF.Workshop.Persistence", "..\EF.WOrkshop.Persistence\EF.Workshop.Persistence.csproj", "{4F1851EC-102C-440B-94B9-657292096CA0}"
EndProject
Global
	GlobalSection(SolutionConfigurationPlatforms) = preSolution
		Debug|Any CPU = Debug|Any CPU
		Release|Any CPU = Release|Any CPU
	EndGlobalSection
	GlobalSection(ProjectConfigurationPlatforms) = postSolution
		{0560CD6A-89EF-4F56-A246-2A506127F96E}.Debug|Any CPU.ActiveCfg = Debug|Any CPU
		{0560CD6A-89EF-4F56-A246-2A506127F96E}.Debug|Any CPU.Build.0 = Debug|Any CPU
		{0560CD6A-89EF-4F56-A246-2A506127F96E}.Release|Any CPU.ActiveCfg = Release|Any CPU
		{0560CD6A-89EF-4F56-A246-2A506127F96E}.Release|Any CPU.Build.0 = Release|Any CPU
		{A57A9A63-9351-4205-BA94-72340B01E1B6}.Debug|Any CPU.ActiveCfg = Debug|Any CPU
		{A57A9A63-9351-4205-BA94-72340B01E1B6}.Debug|Any CPU.Build.0 = Debug|Any CPU
		{A57A9A63-9351-4205-BA94-72340B01E1B6}.Release|Any CPU.ActiveCfg = Release|Any CPU
		{A57A9A63-9351-4205-BA94-72340B01E1B6}.Release|Any CPU.Build.0 = Release|Any CPU
		{4F1851EC-102C-440B-94B9-657292096CA0}.Debug|Any CPU.ActiveCfg = Debug|Any CPU
		{4F1851EC-102C-440B-94B9-657292096CA0}.Debug|Any CPU.Build.0 = Debug|Any CPU
		{4F1851EC-102C-440B-94B9-657292096CA0}.Release|Any CPU.ActiveCfg = Release|Any CPU
		{4F1851EC-102C-440B-94B9-657292096CA0}.Release|Any CPU.Build.0 = Release|Any CPU
	EndGlobalSection
	GlobalSection(SolutionProperties) = preSolution
		HideSolutionNode = FALSE
	EndGlobalSection
	GlobalSection(ExtensibilityGlobals) = postSolution
		SolutionGuid = {BA0F2176-BF8A-481C-AAF7-989665234D37}
	EndGlobalSection
EndGlobal
